// !$*UTF8*$!
{
	archiveVersion = 1;
	classes = {
	};
	objectVersion = 55;
	objects = {

/* Begin PBXBuildFile section */
		8E05A96126FC728600A89838 /* ViewController.swift in Sources */ = {isa = PBXBuildFile; fileRef = 8E5810D926F999F000866413 /* ViewController.swift */; };
		8E05A96226FC728600A89838 /* AppDelegate.swift in Sources */ = {isa = PBXBuildFile; fileRef = 8E5810D526F999F000866413 /* AppDelegate.swift */; };
		8E05A96326FC728600A89838 /* SceneDelegate.swift in Sources */ = {isa = PBXBuildFile; fileRef = 8E5810D726F999F000866413 /* SceneDelegate.swift */; };
		8E05A96426FC728600A89838 /* ApplicationStatusWatcher.swift in Sources */ = {isa = PBXBuildFile; fileRef = 8E3B2D3726FA1FEC00CC5139 /* ApplicationStatusWatcher.swift */; };
		8E05A96726FC728600A89838 /* LaunchScreen.storyboard in Resources */ = {isa = PBXBuildFile; fileRef = 8E5810E026F999F200866413 /* LaunchScreen.storyboard */; };
		8E05A96826FC728600A89838 /* Assets.xcassets in Resources */ = {isa = PBXBuildFile; fileRef = 8E5810DE26F999F200866413 /* Assets.xcassets */; };
		8E05A96926FC728600A89838 /* Main.storyboard in Resources */ = {isa = PBXBuildFile; fileRef = 8E5810DB26F999F000866413 /* Main.storyboard */; };
		8E3B2D3826FA1FEC00CC5139 /* ApplicationStatusWatcher.swift in Sources */ = {isa = PBXBuildFile; fileRef = 8E3B2D3726FA1FEC00CC5139 /* ApplicationStatusWatcher.swift */; };
		8E5810D626F999F000866413 /* AppDelegate.swift in Sources */ = {isa = PBXBuildFile; fileRef = 8E5810D526F999F000866413 /* AppDelegate.swift */; };
		8E5810D826F999F000866413 /* SceneDelegate.swift in Sources */ = {isa = PBXBuildFile; fileRef = 8E5810D726F999F000866413 /* SceneDelegate.swift */; };
		8E5810DA26F999F000866413 /* ViewController.swift in Sources */ = {isa = PBXBuildFile; fileRef = 8E5810D926F999F000866413 /* ViewController.swift */; };
		8E5810DD26F999F000866413 /* Main.storyboard in Resources */ = {isa = PBXBuildFile; fileRef = 8E5810DB26F999F000866413 /* Main.storyboard */; };
		8E5810DF26F999F200866413 /* Assets.xcassets in Resources */ = {isa = PBXBuildFile; fileRef = 8E5810DE26F999F200866413 /* Assets.xcassets */; };
		8E5810E226F999F200866413 /* LaunchScreen.storyboard in Resources */ = {isa = PBXBuildFile; fileRef = 8E5810E026F999F200866413 /* LaunchScreen.storyboard */; };
/* End PBXBuildFile section */

/* Begin PBXFileReference section */
		8E05A96D26FC728600A89838 /* ChatAppTFS No Logs.app */ = {isa = PBXFileReference; explicitFileType = wrapper.application; includeInIndex = 0; path = "ChatAppTFS No Logs.app"; sourceTree = BUILT_PRODUCTS_DIR; };
		8E05A96E26FC728600A89838 /* ChatAppTFS No Logs.plist */ = {isa = PBXFileReference; lastKnownFileType = text.plist.xml; name = "ChatAppTFS No Logs.plist"; path = "/Users/ladanov/Documents/Developer/ChatAppTFS/ChatAppTFS No Logs.plist"; sourceTree = "<absolute>"; };
		8E3B2D3726FA1FEC00CC5139 /* ApplicationStatusWatcher.swift */ = {isa = PBXFileReference; lastKnownFileType = sourcecode.swift; path = ApplicationStatusWatcher.swift; sourceTree = "<group>"; };
		8E5810D226F999F000866413 /* ChatAppTFS.app */ = {isa = PBXFileReference; explicitFileType = wrapper.application; includeInIndex = 0; path = ChatAppTFS.app; sourceTree = BUILT_PRODUCTS_DIR; };
		8E5810D526F999F000866413 /* AppDelegate.swift */ = {isa = PBXFileReference; lastKnownFileType = sourcecode.swift; path = AppDelegate.swift; sourceTree = "<group>"; };
		8E5810D726F999F000866413 /* SceneDelegate.swift */ = {isa = PBXFileReference; lastKnownFileType = sourcecode.swift; path = SceneDelegate.swift; sourceTree = "<group>"; };
		8E5810D926F999F000866413 /* ViewController.swift */ = {isa = PBXFileReference; lastKnownFileType = sourcecode.swift; path = ViewController.swift; sourceTree = "<group>"; };
		8E5810DC26F999F000866413 /* Base */ = {isa = PBXFileReference; lastKnownFileType = file.storyboard; name = Base; path = Base.lproj/Main.storyboard; sourceTree = "<group>"; };
		8E5810DE26F999F200866413 /* Assets.xcassets */ = {isa = PBXFileReference; lastKnownFileType = folder.assetcatalog; path = Assets.xcassets; sourceTree = "<group>"; };
		8E5810E126F999F200866413 /* Base */ = {isa = PBXFileReference; lastKnownFileType = file.storyboard; name = Base; path = Base.lproj/LaunchScreen.storyboard; sourceTree = "<group>"; };
		8E5810E326F999F200866413 /* Info.plist */ = {isa = PBXFileReference; lastKnownFileType = text.plist.xml; path = Info.plist; sourceTree = "<group>"; };
/* End PBXFileReference section */

/* Begin PBXFrameworksBuildPhase section */
		8E05A96526FC728600A89838 /* Frameworks */ = {
			isa = PBXFrameworksBuildPhase;
			buildActionMask = 2147483647;
			files = (
			);
			runOnlyForDeploymentPostprocessing = 0;
		};
		8E5810CF26F999F000866413 /* Frameworks */ = {
			isa = PBXFrameworksBuildPhase;
			buildActionMask = 2147483647;
			files = (
			);
			runOnlyForDeploymentPostprocessing = 0;
		};
/* End PBXFrameworksBuildPhase section */

/* Begin PBXGroup section */
		8E5810C926F999F000866413 = {
			isa = PBXGroup;
			children = (
				8E5810D426F999F000866413 /* ChatAppTFS */,
				8E5810D326F999F000866413 /* Products */,
				8E05A96E26FC728600A89838 /* ChatAppTFS No Logs.plist */,
			);
			sourceTree = "<group>";
		};
		8E5810D326F999F000866413 /* Products */ = {
			isa = PBXGroup;
			children = (
				8E5810D226F999F000866413 /* ChatAppTFS.app */,
				8E05A96D26FC728600A89838 /* ChatAppTFS No Logs.app */,
			);
			name = Products;
			sourceTree = "<group>";
		};
		8E5810D426F999F000866413 /* ChatAppTFS */ = {
			isa = PBXGroup;
			children = (
				8E5810D526F999F000866413 /* AppDelegate.swift */,
				8E5810D726F999F000866413 /* SceneDelegate.swift */,
				8E5810D926F999F000866413 /* ViewController.swift */,
				8E3B2D3726FA1FEC00CC5139 /* ApplicationStatusWatcher.swift */,
				8E5810DB26F999F000866413 /* Main.storyboard */,
				8E5810DE26F999F200866413 /* Assets.xcassets */,
				8E5810E026F999F200866413 /* LaunchScreen.storyboard */,
				8E5810E326F999F200866413 /* Info.plist */,
			);
			path = ChatAppTFS;
			sourceTree = "<group>";
		};
/* End PBXGroup section */

/* Begin PBXNativeTarget section */
		8E05A95F26FC728600A89838 /* ChatAppTFS No Logs */ = {
			isa = PBXNativeTarget;
			buildConfigurationList = 8E05A96A26FC728600A89838 /* Build configuration list for PBXNativeTarget "ChatAppTFS No Logs" */;
			buildPhases = (
				8E05A96026FC728600A89838 /* Sources */,
				8E05A96526FC728600A89838 /* Frameworks */,
				8E05A96626FC728600A89838 /* Resources */,
			);
			buildRules = (
			);
			dependencies = (
			);
			name = "ChatAppTFS No Logs";
			productName = ChatAppTFS;
			productReference = 8E05A96D26FC728600A89838 /* ChatAppTFS No Logs.app */;
			productType = "com.apple.product-type.application";
		};
		8E5810D126F999F000866413 /* ChatAppTFS */ = {
			isa = PBXNativeTarget;
			buildConfigurationList = 8E5810E626F999F200866413 /* Build configuration list for PBXNativeTarget "ChatAppTFS" */;
			buildPhases = (
				8E5810CE26F999F000866413 /* Sources */,
				8E5810CF26F999F000866413 /* Frameworks */,
				8E5810D026F999F000866413 /* Resources */,
			);
			buildRules = (
			);
			dependencies = (
			);
			name = ChatAppTFS;
			productName = ChatAppTFS;
			productReference = 8E5810D226F999F000866413 /* ChatAppTFS.app */;
			productType = "com.apple.product-type.application";
		};
/* End PBXNativeTarget section */

/* Begin PBXProject section */
		8E5810CA26F999F000866413 /* Project object */ = {
			isa = PBXProject;
			attributes = {
				BuildIndependentTargetsInParallel = 1;
				LastSwiftUpdateCheck = 1300;
				LastUpgradeCheck = 1300;
				TargetAttributes = {
					8E5810D126F999F000866413 = {
						CreatedOnToolsVersion = 13.0;
					};
				};
			};
			buildConfigurationList = 8E5810CD26F999F000866413 /* Build configuration list for PBXProject "ChatAppTFS" */;
			compatibilityVersion = "Xcode 13.0";
			developmentRegion = en;
			hasScannedForEncodings = 0;
			knownRegions = (
				en,
				Base,
			);
			mainGroup = 8E5810C926F999F000866413;
			productRefGroup = 8E5810D326F999F000866413 /* Products */;
			projectDirPath = "";
			projectRoot = "";
			targets = (
				8E5810D126F999F000866413 /* ChatAppTFS */,
				8E05A95F26FC728600A89838 /* ChatAppTFS No Logs */,
			);
		};
/* End PBXProject section */

/* Begin PBXResourcesBuildPhase section */
		8E05A96626FC728600A89838 /* Resources */ = {
			isa = PBXResourcesBuildPhase;
			buildActionMask = 2147483647;
			files = (
				8E05A96726FC728600A89838 /* LaunchScreen.storyboard in Resources */,
				8E05A96826FC728600A89838 /* Assets.xcassets in Resources */,
				8E05A96926FC728600A89838 /* Main.storyboard in Resources */,
			);
			runOnlyForDeploymentPostprocessing = 0;
		};
		8E5810D026F999F000866413 /* Resources */ = {
			isa = PBXResourcesBuildPhase;
			buildActionMask = 2147483647;
			files = (
				8E5810E226F999F200866413 /* LaunchScreen.storyboard in Resources */,
				8E5810DF26F999F200866413 /* Assets.xcassets in Resources */,
				8E5810DD26F999F000866413 /* Main.storyboard in Resources */,
			);
			runOnlyForDeploymentPostprocessing = 0;
		};
/* End PBXResourcesBuildPhase section */

/* Begin PBXSourcesBuildPhase section */
		8E05A96026FC728600A89838 /* Sources */ = {
			isa = PBXSourcesBuildPhase;
			buildActionMask = 2147483647;
			files = (
				8E05A96126FC728600A89838 /* ViewController.swift in Sources */,
				8E05A96226FC728600A89838 /* AppDelegate.swift in Sources */,
				8E05A96326FC728600A89838 /* SceneDelegate.swift in Sources */,
				8E05A96426FC728600A89838 /* ApplicationStatusWatcher.swift in Sources */,
			);
			runOnlyForDeploymentPostprocessing = 0;
		};
		8E5810CE26F999F000866413 /* Sources */ = {
			isa = PBXSourcesBuildPhase;
			buildActionMask = 2147483647;
			files = (
				8E5810DA26F999F000866413 /* ViewController.swift in Sources */,
				8E5810D626F999F000866413 /* AppDelegate.swift in Sources */,
				8E5810D826F999F000866413 /* SceneDelegate.swift in Sources */,
				8E3B2D3826FA1FEC00CC5139 /* ApplicationStatusWatcher.swift in Sources */,
			);
			runOnlyForDeploymentPostprocessing = 0;
		};
/* End PBXSourcesBuildPhase section */

/* Begin PBXVariantGroup section */
		8E5810DB26F999F000866413 /* Main.storyboard */ = {
			isa = PBXVariantGroup;
			children = (
				8E5810DC26F999F000866413 /* Base */,
			);
			name = Main.storyboard;
			sourceTree = "<group>";
		};
		8E5810E026F999F200866413 /* LaunchScreen.storyboard */ = {
			isa = PBXVariantGroup;
			children = (
				8E5810E126F999F200866413 /* Base */,
			);
			name = LaunchScreen.storyboard;
			sourceTree = "<group>";
		};
/* End PBXVariantGroup section */

/* Begin XCBuildConfiguration section */
		8E05A96B26FC728600A89838 /* Debug */ = {
			isa = XCBuildConfiguration;
			buildSettings = {
				ASSETCATALOG_COMPILER_APPICON_NAME = AppIcon;
				ASSETCATALOG_COMPILER_GLOBAL_ACCENT_COLOR_NAME = AccentColor;
				CODE_SIGN_STYLE = Automatic;
				CURRENT_PROJECT_VERSION = 1;
				DEVELOPMENT_TEAM = K8F8VH947T;
				GENERATE_INFOPLIST_FILE = YES;
				INFOPLIST_FILE = "ChatAppTFS No Logs.plist";
				INFOPLIST_KEY_UIApplicationSupportsIndirectInputEvents = YES;
				INFOPLIST_KEY_UILaunchStoryboardName = LaunchScreen;
				INFOPLIST_KEY_UIMainStoryboardFile = Main;
				INFOPLIST_KEY_UISupportedInterfaceOrientations_iPad = "UIInterfaceOrientationPortrait UIInterfaceOrientationPortraitUpsideDown UIInterfaceOrientationLandscapeLeft UIInterfaceOrientationLandscapeRight";
				INFOPLIST_KEY_UISupportedInterfaceOrientations_iPhone = "UIInterfaceOrientationPortrait UIInterfaceOrientationLandscapeLeft UIInterfaceOrientationLandscapeRight";
				IPHONEOS_DEPLOYMENT_TARGET = 12.0;
				LD_RUNPATH_SEARCH_PATHS = (
					"$(inherited)",
					"@executable_path/Frameworks",
				);
				MARKETING_VERSION = 1.0;
				PRODUCT_BUNDLE_IDENTIFIER = "messer87-mail.com.ChatAppTFS";
				PRODUCT_NAME = "$(TARGET_NAME)";
				SWIFT_EMIT_LOC_STRINGS = YES;
				SWIFT_VERSION = 5.0;
				TARGETED_DEVICE_FAMILY = 1;
			};
			name = Debug;
		};
		8E05A96C26FC728600A89838 /* Release */ = {
			isa = XCBuildConfiguration;
			buildSettings = {
				ASSETCATALOG_COMPILER_APPICON_NAME = AppIcon;
				ASSETCATALOG_COMPILER_GLOBAL_ACCENT_COLOR_NAME = AccentColor;
				CODE_SIGN_STYLE = Automatic;
				CURRENT_PROJECT_VERSION = 1;
				DEVELOPMENT_TEAM = K8F8VH947T;
				GENERATE_INFOPLIST_FILE = YES;
				INFOPLIST_FILE = "ChatAppTFS No Logs.plist";
				INFOPLIST_KEY_UIApplicationSupportsIndirectInputEvents = YES;
				INFOPLIST_KEY_UILaunchStoryboardName = LaunchScreen;
				INFOPLIST_KEY_UIMainStoryboardFile = Main;
				INFOPLIST_KEY_UISupportedInterfaceOrientations_iPad = "UIInterfaceOrientationPortrait UIInterfaceOrientationPortraitUpsideDown UIInterfaceOrientationLandscapeLeft UIInterfaceOrientationLandscapeRight";
				INFOPLIST_KEY_UISupportedInterfaceOrientations_iPhone = "UIInterfaceOrientationPortrait UIInterfaceOrientationLandscapeLeft UIInterfaceOrientationLandscapeRight";
				IPHONEOS_DEPLOYMENT_TARGET = 12.0;
				LD_RUNPATH_SEARCH_PATHS = (
					"$(inherited)",
					"@executable_path/Frameworks",
				);
				MARKETING_VERSION = 1.0;
				PRODUCT_BUNDLE_IDENTIFIER = "messer87-mail.com.ChatAppTFS";
				PRODUCT_NAME = "$(TARGET_NAME)";
				SWIFT_EMIT_LOC_STRINGS = YES;
				SWIFT_VERSION = 5.0;
				TARGETED_DEVICE_FAMILY = 1;
			};
			name = Release;
		};
		8E5810E426F999F200866413 /* Debug */ = {
			isa = XCBuildConfiguration;
			buildSettings = {
				ALWAYS_SEARCH_USER_PATHS = NO;
				CLANG_ANALYZER_NONNULL = YES;
				CLANG_ANALYZER_NUMBER_OBJECT_CONVERSION = YES_AGGRESSIVE;
				CLANG_CXX_LANGUAGE_STANDARD = "gnu++17";
				CLANG_CXX_LIBRARY = "libc++";
				CLANG_ENABLE_MODULES = YES;
				CLANG_ENABLE_OBJC_ARC = YES;
				CLANG_ENABLE_OBJC_WEAK = YES;
				CLANG_WARN_BLOCK_CAPTURE_AUTORELEASING = YES;
				CLANG_WARN_BOOL_CONVERSION = YES;
				CLANG_WARN_COMMA = YES;
				CLANG_WARN_CONSTANT_CONVERSION = YES;
				CLANG_WARN_DEPRECATED_OBJC_IMPLEMENTATIONS = YES;
				CLANG_WARN_DIRECT_OBJC_ISA_USAGE = YES_ERROR;
				CLANG_WARN_DOCUMENTATION_COMMENTS = YES;
				CLANG_WARN_EMPTY_BODY = YES;
				CLANG_WARN_ENUM_CONVERSION = YES;
				CLANG_WARN_INFINITE_RECURSION = YES;
				CLANG_WARN_INT_CONVERSION = YES;
				CLANG_WARN_NON_LITERAL_NULL_CONVERSION = YES;
				CLANG_WARN_OBJC_IMPLICIT_RETAIN_SELF = YES;
				CLANG_WARN_OBJC_LITERAL_CONVERSION = YES;
				CLANG_WARN_OBJC_ROOT_CLASS = YES_ERROR;
				CLANG_WARN_QUOTED_INCLUDE_IN_FRAMEWORK_HEADER = YES;
				CLANG_WARN_RANGE_LOOP_ANALYSIS = YES;
				CLANG_WARN_STRICT_PROTOTYPES = YES;
				CLANG_WARN_SUSPICIOUS_MOVE = YES;
				CLANG_WARN_UNGUARDED_AVAILABILITY = YES_AGGRESSIVE;
				CLANG_WARN_UNREACHABLE_CODE = YES;
				CLANG_WARN__DUPLICATE_METHOD_MATCH = YES;
				COPY_PHASE_STRIP = NO;
				DEBUG_INFORMATION_FORMAT = dwarf;
				ENABLE_NS_ASSERTIONS = YES;
				ENABLE_STRICT_OBJC_MSGSEND = YES;
				ENABLE_TESTABILITY = YES;
				GCC_C_LANGUAGE_STANDARD = gnu11;
				GCC_DYNAMIC_NO_PIC = NO;
				GCC_NO_COMMON_BLOCKS = YES;
				GCC_OPTIMIZATION_LEVEL = 0;
				GCC_PREPROCESSOR_DEFINITIONS = (
					"DEBUG=1",
					"$(inherited)",
				);
				GCC_WARN_64_TO_32_BIT_CONVERSION = YES;
				GCC_WARN_ABOUT_RETURN_TYPE = YES_ERROR;
				GCC_WARN_UNDECLARED_SELECTOR = YES;
				GCC_WARN_UNINITIALIZED_AUTOS = YES_AGGRESSIVE;
				GCC_WARN_UNUSED_FUNCTION = YES;
				GCC_WARN_UNUSED_VARIABLE = YES;
				IPHONEOS_DEPLOYMENT_TARGET = 15.0;
				MTL_ENABLE_DEBUG_INFO = INCLUDE_SOURCE;
				MTL_FAST_MATH = YES;
				ONLY_ACTIVE_ARCH = YES;
				SDKROOT = iphoneos;
				SWIFT_ACTIVE_COMPILATION_CONDITIONS = DEBUG;
				SWIFT_OPTIMIZATION_LEVEL = "-Onone";
			};
			name = Debug;
		};
		8E5810E526F999F200866413 /* Release */ = {
			isa = XCBuildConfiguration;
			buildSettings = {
				ALWAYS_SEARCH_USER_PATHS = NO;
				CLANG_ANALYZER_NONNULL = YES;
				CLANG_ANALYZER_NUMBER_OBJECT_CONVERSION = YES_AGGRESSIVE;
				CLANG_CXX_LANGUAGE_STANDARD = "gnu++17";
				CLANG_CXX_LIBRARY = "libc++";
				CLANG_ENABLE_MODULES = YES;
				CLANG_ENABLE_OBJC_ARC = YES;
				CLANG_ENABLE_OBJC_WEAK = YES;
				CLANG_WARN_BLOCK_CAPTURE_AUTORELEASING = YES;
				CLANG_WARN_BOOL_CONVERSION = YES;
				CLANG_WARN_COMMA = YES;
				CLANG_WARN_CONSTANT_CONVERSION = YES;
				CLANG_WARN_DEPRECATED_OBJC_IMPLEMENTATIONS = YES;
				CLANG_WARN_DIRECT_OBJC_ISA_USAGE = YES_ERROR;
				CLANG_WARN_DOCUMENTATION_COMMENTS = YES;
				CLANG_WARN_EMPTY_BODY = YES;
				CLANG_WARN_ENUM_CONVERSION = YES;
				CLANG_WARN_INFINITE_RECURSION = YES;
				CLANG_WARN_INT_CONVERSION = YES;
				CLANG_WARN_NON_LITERAL_NULL_CONVERSION = YES;
				CLANG_WARN_OBJC_IMPLICIT_RETAIN_SELF = YES;
				CLANG_WARN_OBJC_LITERAL_CONVERSION = YES;
				CLANG_WARN_OBJC_ROOT_CLASS = YES_ERROR;
				CLANG_WARN_QUOTED_INCLUDE_IN_FRAMEWORK_HEADER = YES;
				CLANG_WARN_RANGE_LOOP_ANALYSIS = YES;
				CLANG_WARN_STRICT_PROTOTYPES = YES;
				CLANG_WARN_SUSPICIOUS_MOVE = YES;
				CLANG_WARN_UNGUARDED_AVAILABILITY = YES_AGGRESSIVE;
				CLANG_WARN_UNREACHABLE_CODE = YES;
				CLANG_WARN__DUPLICATE_METHOD_MATCH = YES;
				COPY_PHASE_STRIP = NO;
				DEBUG_INFORMATION_FORMAT = "dwarf-with-dsym";
				ENABLE_NS_ASSERTIONS = NO;
				ENABLE_STRICT_OBJC_MSGSEND = YES;
				GCC_C_LANGUAGE_STANDARD = gnu11;
				GCC_NO_COMMON_BLOCKS = YES;
				GCC_WARN_64_TO_32_BIT_CONVERSION = YES;
				GCC_WARN_ABOUT_RETURN_TYPE = YES_ERROR;
				GCC_WARN_UNDECLARED_SELECTOR = YES;
				GCC_WARN_UNINITIALIZED_AUTOS = YES_AGGRESSIVE;
				GCC_WARN_UNUSED_FUNCTION = YES;
				GCC_WARN_UNUSED_VARIABLE = YES;
				IPHONEOS_DEPLOYMENT_TARGET = 15.0;
				MTL_ENABLE_DEBUG_INFO = NO;
				MTL_FAST_MATH = YES;
				SDKROOT = iphoneos;
				SWIFT_COMPILATION_MODE = wholemodule;
				SWIFT_OPTIMIZATION_LEVEL = "-O";
				VALIDATE_PRODUCT = YES;
			};
			name = Release;
		};
		8E5810E726F999F200866413 /* Debug */ = {
			isa = XCBuildConfiguration;
			buildSettings = {
				ASSETCATALOG_COMPILER_APPICON_NAME = AppIcon;
				ASSETCATALOG_COMPILER_GLOBAL_ACCENT_COLOR_NAME = AccentColor;
				CODE_SIGN_STYLE = Automatic;
				CURRENT_PROJECT_VERSION = 1;
				DEVELOPMENT_TEAM = K8F8VH947T;
				GENERATE_INFOPLIST_FILE = YES;
				INFOPLIST_FILE = ChatAppTFS/Info.plist;
				INFOPLIST_KEY_UIApplicationSupportsIndirectInputEvents = YES;
				INFOPLIST_KEY_UILaunchStoryboardName = LaunchScreen;
				INFOPLIST_KEY_UIMainStoryboardFile = Main;
				INFOPLIST_KEY_UISupportedInterfaceOrientations_iPad = "UIInterfaceOrientationPortrait UIInterfaceOrientationPortraitUpsideDown UIInterfaceOrientationLandscapeLeft UIInterfaceOrientationLandscapeRight";
				INFOPLIST_KEY_UISupportedInterfaceOrientations_iPhone = "UIInterfaceOrientationPortrait UIInterfaceOrientationLandscapeLeft UIInterfaceOrientationLandscapeRight";
				IPHONEOS_DEPLOYMENT_TARGET = 12.0;
				LD_RUNPATH_SEARCH_PATHS = (
					"$(inherited)",
					"@executable_path/Frameworks",
				);
				MARKETING_VERSION = 1.0;
				OTHER_SWIFT_FLAGS = "-DLOGS";
				PRODUCT_BUNDLE_IDENTIFIER = "messer87-mail.com.ChatAppTFS";
				PRODUCT_NAME = "$(TARGET_NAME)";
				SWIFT_EMIT_LOC_STRINGS = YES;
				SWIFT_VERSION = 5.0;
				TARGETED_DEVICE_FAMILY = 1;
			};
			name = Debug;
		};
		8E5810E826F999F200866413 /* Release */ = {
			isa = XCBuildConfiguration;
			buildSettings = {
				ASSETCATALOG_COMPILER_APPICON_NAME = AppIcon;
				ASSETCATALOG_COMPILER_GLOBAL_ACCENT_COLOR_NAME = AccentColor;
				CODE_SIGN_STYLE = Automatic;
				CURRENT_PROJECT_VERSION = 1;
				DEVELOPMENT_TEAM = K8F8VH947T;
				GENERATE_INFOPLIST_FILE = YES;
				INFOPLIST_FILE = ChatAppTFS/Info.plist;
				INFOPLIST_KEY_UIApplicationSupportsIndirectInputEvents = YES;
				INFOPLIST_KEY_UILaunchStoryboardName = LaunchScreen;
				INFOPLIST_KEY_UIMainStoryboardFile = Main;
				INFOPLIST_KEY_UISupportedInterfaceOrientations_iPad = "UIInterfaceOrientationPortrait UIInterfaceOrientationPortraitUpsideDown UIInterfaceOrientationLandscapeLeft UIInterfaceOrientationLandscapeRight";
				INFOPLIST_KEY_UISupportedInterfaceOrientations_iPhone = "UIInterfaceOrientationPortrait UIInterfaceOrientationLandscapeLeft UIInterfaceOrientationLandscapeRight";
				IPHONEOS_DEPLOYMENT_TARGET = 12.0;
				LD_RUNPATH_SEARCH_PATHS = (
					"$(inherited)",
					"@executable_path/Frameworks",
				);
				MARKETING_VERSION = 1.0;
				OTHER_SWIFT_FLAGS = "-DLOGS";
				PRODUCT_BUNDLE_IDENTIFIER = "messer87-mail.com.ChatAppTFS";
				PRODUCT_NAME = "$(TARGET_NAME)";
				SWIFT_EMIT_LOC_STRINGS = YES;
				SWIFT_VERSION = 5.0;
				TARGETED_DEVICE_FAMILY = 1;
			};
			name = Release;
		};
/* End XCBuildConfiguration section */

/* Begin XCConfigurationList section */
		8E05A96A26FC728600A89838 /* Build configuration list for PBXNativeTarget "ChatAppTFS No Logs" */ = {
			isa = XCConfigurationList;
			buildConfigurations = (
				8E05A96B26FC728600A89838 /* Debug */,
				8E05A96C26FC728600A89838 /* Release */,
			);
			defaultConfigurationIsVisible = 0;
			defaultConfigurationName = Release;
		};
		8E5810CD26F999F000866413 /* Build configuration list for PBXProject "ChatAppTFS" */ = {
			isa = XCConfigurationList;
			buildConfigurations = (
				8E5810E426F999F200866413 /* Debug */,
				8E5810E526F999F200866413 /* Release */,
			);
			defaultConfigurationIsVisible = 0;
			defaultConfigurationName = Release;
		};
		8E5810E626F999F200866413 /* Build configuration list for PBXNativeTarget "ChatAppTFS" */ = {
			isa = XCConfigurationList;
			buildConfigurations = (
				8E5810E726F999F200866413 /* Debug */,
				8E5810E826F999F200866413 /* Release */,
			);
			defaultConfigurationIsVisible = 0;
			defaultConfigurationName = Release;
		};
/* End XCConfigurationList section */
	};
	rootObject = 8E5810CA26F999F000866413 /* Project object */;
}
